// !$*UTF8*$!
{
	archiveVersion = 1;
	classes = {
	};
	objectVersion = 46;
	objects = {

/* Begin PBXBuildFile section */
		49F07CC31E81847300AFD134 /* AppDelegate.swift in Sources */ = {isa = PBXBuildFile; fileRef = 49F07CC21E81847300AFD134 /* AppDelegate.swift */; };
		49F07CC51E81847300AFD134 /* GameScene.sks in Resources */ = {isa = PBXBuildFile; fileRef = 49F07CC41E81847300AFD134 /* GameScene.sks */; };
		49F07CC71E81847300AFD134 /* Actions.sks in Resources */ = {isa = PBXBuildFile; fileRef = 49F07CC61E81847300AFD134 /* Actions.sks */; };
		49F07CC91E81847300AFD134 /* GameScene.swift in Sources */ = {isa = PBXBuildFile; fileRef = 49F07CC81E81847300AFD134 /* GameScene.swift */; };
		49F07CCB1E81847300AFD134 /* GameViewController.swift in Sources */ = {isa = PBXBuildFile; fileRef = 49F07CCA1E81847300AFD134 /* GameViewController.swift */; };
		49F07CCE1E81847300AFD134 /* Main.storyboard in Resources */ = {isa = PBXBuildFile; fileRef = 49F07CCC1E81847300AFD134 /* Main.storyboard */; };
		49F07CD01E81847300AFD134 /* Assets.xcassets in Resources */ = {isa = PBXBuildFile; fileRef = 49F07CCF1E81847300AFD134 /* Assets.xcassets */; };
		49F07CD31E81847300AFD134 /* LaunchScreen.storyboard in Resources */ = {isa = PBXBuildFile; fileRef = 49F07CD11E81847300AFD134 /* LaunchScreen.storyboard */; };
/* End PBXBuildFile section */

/* Begin PBXFileReference section */
		49F07CBF1E81847300AFD134 /* HappyBird.app */ = {isa = PBXFileReference; explicitFileType = wrapper.application; includeInIndex = 0; path = HappyBird.app; sourceTree = BUILT_PRODUCTS_DIR; };
		49F07CC21E81847300AFD134 /* AppDelegate.swift */ = {isa = PBXFileReference; lastKnownFileType = sourcecode.swift; path = AppDelegate.swift; sourceTree = "<group>"; };
		49F07CC41E81847300AFD134 /* GameScene.sks */ = {isa = PBXFileReference; lastKnownFileType = file.sks; path = GameScene.sks; sourceTree = "<group>"; };
		49F07CC61E81847300AFD134 /* Actions.sks */ = {isa = PBXFileReference; lastKnownFileType = file.sks; path = Actions.sks; sourceTree = "<group>"; };
		49F07CC81E81847300AFD134 /* GameScene.swift */ = {isa = PBXFileReference; lastKnownFileType = sourcecode.swift; path = GameScene.swift; sourceTree = "<group>"; };
		49F07CCA1E81847300AFD134 /* GameViewController.swift */ = {isa = PBXFileReference; lastKnownFileType = sourcecode.swift; path = GameViewController.swift; sourceTree = "<group>"; };
		49F07CCD1E81847300AFD134 /* Base */ = {isa = PBXFileReference; lastKnownFileType = file.storyboard; name = Base; path = Base.lproj/Main.storyboard; sourceTree = "<group>"; };
		49F07CCF1E81847300AFD134 /* Assets.xcassets */ = {isa = PBXFileReference; lastKnownFileType = folder.assetcatalog; path = Assets.xcassets; sourceTree = "<group>"; };
		49F07CD21E81847300AFD134 /* Base */ = {isa = PBXFileReference; lastKnownFileType = file.storyboard; name = Base; path = Base.lproj/LaunchScreen.storyboard; sourceTree = "<group>"; };
		49F07CD41E81847300AFD134 /* Info.plist */ = {isa = PBXFileReference; lastKnownFileType = text.plist.xml; path = Info.plist; sourceTree = "<group>"; };
/* End PBXFileReference section */

/* Begin PBXFrameworksBuildPhase section */
		49F07CBC1E81847300AFD134 /* Frameworks */ = {
			isa = PBXFrameworksBuildPhase;
			buildActionMask = 2147483647;
			files = (
			);
			runOnlyForDeploymentPostprocessing = 0;
		};
/* End PBXFrameworksBuildPhase section */

/* Begin PBXGroup section */
		49F07CB61E81847300AFD134 = {
			isa = PBXGroup;
			children = (
				49F07CC11E81847300AFD134 /* HappyBird */,
				49F07CC01E81847300AFD134 /* Products */,
			);
			sourceTree = "<group>";
		};
		49F07CC01E81847300AFD134 /* Products */ = {
			isa = PBXGroup;
			children = (
				49F07CBF1E81847300AFD134 /* HappyBird.app */,
			);
			name = Products;
			sourceTree = "<group>";
		};
		49F07CC11E81847300AFD134 /* HappyBird */ = {
			isa = PBXGroup;
			children = (
				49F07CC21E81847300AFD134 /* AppDelegate.swift */,
				49F07CC41E81847300AFD134 /* GameScene.sks */,
				49F07CC61E81847300AFD134 /* Actions.sks */,
				49F07CC81E81847300AFD134 /* GameScene.swift */,
				49F07CCA1E81847300AFD134 /* GameViewController.swift */,
				49F07CCC1E81847300AFD134 /* Main.storyboard */,
				49F07CCF1E81847300AFD134 /* Assets.xcassets */,
				49F07CD11E81847300AFD134 /* LaunchScreen.storyboard */,
				49F07CD41E81847300AFD134 /* Info.plist */,
			);
			path = HappyBird;
			sourceTree = "<group>";
		};
/* End PBXGroup section */

/* Begin PBXNativeTarget section */
		49F07CBE1E81847300AFD134 /* HappyBird */ = {
			isa = PBXNativeTarget;
			buildConfigurationList = 49F07CD71E81847300AFD134 /* Build configuration list for PBXNativeTarget "HappyBird" */;
			buildPhases = (
				49F07CBB1E81847300AFD134 /* Sources */,
				49F07CBC1E81847300AFD134 /* Frameworks */,
				49F07CBD1E81847300AFD134 /* Resources */,
			);
			buildRules = (
			);
			dependencies = (
			);
			name = HappyBird;
			productName = HappyBird;
			productReference = 49F07CBF1E81847300AFD134 /* HappyBird.app */;
			productType = "com.apple.product-type.application";
		};
/* End PBXNativeTarget section */

/* Begin PBXProject section */
		49F07CB71E81847300AFD134 /* Project object */ = {
			isa = PBXProject;
			attributes = {
				LastSwiftUpdateCheck = 0820;
				LastUpgradeCheck = 0820;
				ORGANIZATIONNAME = "Jim Challenger";
				TargetAttributes = {
					49F07CBE1E81847300AFD134 = {
						CreatedOnToolsVersion = 8.2.1;
						ProvisioningStyle = Automatic;
					};
				};
			};
			buildConfigurationList = 49F07CBA1E81847300AFD134 /* Build configuration list for PBXProject "HappyBird" */;
			compatibilityVersion = "Xcode 3.2";
			developmentRegion = English;
			hasScannedForEncodings = 0;
			knownRegions = (
				en,
				Base,
			);
			mainGroup = 49F07CB61E81847300AFD134;
			productRefGroup = 49F07CC01E81847300AFD134 /* Products */;
			projectDirPath = "";
			projectRoot = "";
			targets = (
				49F07CBE1E81847300AFD134 /* HappyBird */,
			);
		};
/* End PBXProject section */

/* Begin PBXResourcesBuildPhase section */
		49F07CBD1E81847300AFD134 /* Resources */ = {
			isa = PBXResourcesBuildPhase;
			buildActionMask = 2147483647;
			files = (
				49F07CCE1E81847300AFD134 /* Main.storyboard in Resources */,
				49F07CC51E81847300AFD134 /* GameScene.sks in Resources */,
				49F07CD01E81847300AFD134 /* Assets.xcassets in Resources */,
				49F07CD31E81847300AFD134 /* LaunchScreen.storyboard in Resources */,
				49F07CC71E81847300AFD134 /* Actions.sks in Resources */,
			);
			runOnlyForDeploymentPostprocessing = 0;
		};
/* End PBXResourcesBuildPhase section */

/* Begin PBXSourcesBuildPhase section */
		49F07CBB1E81847300AFD134 /* Sources */ = {
			isa = PBXSourcesBuildPhase;
			buildActionMask = 2147483647;
			files = (
				49F07CC91E81847300AFD134 /* GameScene.swift in Sources */,
				49F07CCB1E81847300AFD134 /* GameViewController.swift in Sources */,
				49F07CC31E81847300AFD134 /* AppDelegate.swift in Sources */,
			);
			runOnlyForDeploymentPostprocessing = 0;
		};
/* End PBXSourcesBuildPhase section */

/* Begin PBXVariantGroup section */
		49F07CCC1E81847300AFD134 /* Main.storyboard */ = {
			isa = PBXVariantGroup;
			children = (
				49F07CCD1E81847300AFD134 /* Base */,
			);
			name = Main.storyboard;
			sourceTree = "<group>";
		};
		49F07CD11E81847300AFD134 /* LaunchScreen.storyboard */ = {
			isa = PBXVariantGroup;
			children = (
				49F07CD21E81847300AFD134 /* Base */,
			);
			name = LaunchScreen.storyboard;
			sourceTree = "<group>";
		};
/* End PBXVariantGroup section */

/* Begin XCBuildConfiguration section */
		49F07CD51E81847300AFD134 /* Debug */ = {
			isa = XCBuildConfiguration;
			buildSettings = {
				ALWAYS_SEARCH_USER_PATHS = NO;
				CLANG_ANALYZER_NONNULL = YES;
				CLANG_CXX_LANGUAGE_STANDARD = "gnu++0x";
				CLANG_CXX_LIBRARY = "libc++";
				CLANG_ENABLE_MODULES = YES;
				CLANG_ENABLE_OBJC_ARC = YES;
				CLANG_WARN_BOOL_CONVERSION = YES;
				CLANG_WARN_CONSTANT_CONVERSION = YES;
				CLANG_WARN_DIRECT_OBJC_ISA_USAGE = YES_ERROR;
				CLANG_WARN_DOCUMENTATION_COMMENTS = YES;
				CLANG_WARN_EMPTY_BODY = YES;
				CLANG_WARN_ENUM_CONVERSION = YES;
				CLANG_WARN_INFINITE_RECURSION = YES;
				CLANG_WARN_INT_CONVERSION = YES;
				CLANG_WARN_OBJC_ROOT_CLASS = YES_ERROR;
				CLANG_WARN_SUSPICIOUS_MOVE = YES;
				CLANG_WARN_UNREACHABLE_CODE = YES;
				CLANG_WARN__DUPLICATE_METHOD_MATCH = YES;
				"CODE_SIGN_IDENTITY[sdk=iphoneos*]" = "iPhone Developer";
				COPY_PHASE_STRIP = NO;
				DEBUG_INFORMATION_FORMAT = dwarf;
				ENABLE_STRICT_OBJC_MSGSEND = YES;
				ENABLE_TESTABILITY = YES;
				GCC_C_LANGUAGE_STANDARD = gnu99;
				GCC_DYNAMIC_NO_PIC = NO;
				GCC_NO_COMMON_BLOCKS = YES;
				GCC_OPTIMIZATION_LEVEL = 0;
				GCC_PREPROCESSOR_DEFINITIONS = (
					"DEBUG=1",
					"$(inherited)",
				);
				GCC_WARN_64_TO_32_BIT_CONVERSION = YES;
				GCC_WARN_ABOUT_RETURN_TYPE = YES_ERROR;
				GCC_WARN_UNDECLARED_SELECTOR = YES;
				GCC_WARN_UNINITIALIZED_AUTOS = YES_AGGRESSIVE;
				GCC_WARN_UNUSED_FUNCTION = YES;
				GCC_WARN_UNUSED_VARIABLE = YES;
				IPHONEOS_DEPLOYMENT_TARGET = 10.2;
				MTL_ENABLE_DEBUG_INFO = YES;
				ONLY_ACTIVE_ARCH = YES;
				SDKROOT = iphoneos;
				SWIFT_ACTIVE_COMPILATION_CONDITIONS = DEBUG;
				SWIFT_OPTIMIZATION_LEVEL = "-Onone";
			};
			name = Debug;
		};
		49F07CD61E81847300AFD134 /* Release */ = {
			isa = XCBuildConfiguration;
			buildSettings = {
				ALWAYS_SEARCH_USER_PATHS = NO;
				CLANG_ANALYZER_NONNULL = YES;
				CLANG_CXX_LANGUAGE_STANDARD = "gnu++0x";
				CLANG_CXX_LIBRARY = "libc++";
				CLANG_ENABLE_MODULES = YES;
				CLANG_ENABLE_OBJC_ARC = YES;
				CLANG_WARN_BOOL_CONVERSION = YES;
				CLANG_WARN_CONSTANT_CONVERSION = YES;
				CLANG_WARN_DIRECT_OBJC_ISA_USAGE = YES_ERROR;
				CLANG_WARN_DOCUMENTATION_COMMENTS = YES;
				CLANG_WARN_EMPTY_BODY = YES;
				CLANG_WARN_ENUM_CONVERSION = YES;
				CLANG_WARN_INFINITE_RECURSION = YES;
				CLANG_WARN_INT_CONVERSION = YES;
				CLANG_WARN_OBJC_ROOT_CLASS = YES_ERROR;
				CLANG_WARN_SUSPICIOUS_MOVE = YES;
				CLANG_WARN_UNREACHABLE_CODE = YES;
				CLANG_WARN__DUPLICATE_METHOD_MATCH = YES;
				"CODE_SIGN_IDENTITY[sdk=iphoneos*]" = "iPhone Developer";
				COPY_PHASE_STRIP = NO;
				DEBUG_INFORMATION_FORMAT = "dwarf-with-dsym";
				ENABLE_NS_ASSERTIONS = NO;
				ENABLE_STRICT_OBJC_MSGSEND = YES;
				GCC_C_LANGUAGE_STANDARD = gnu99;
				GCC_NO_COMMON_BLOCKS = YES;
				GCC_WARN_64_TO_32_BIT_CONVERSION = YES;
				GCC_WARN_ABOUT_RETURN_TYPE = YES_ERROR;
				GCC_WARN_UNDECLARED_SELECTOR = YES;
				GCC_WARN_UNINITIALIZED_AUTOS = YES_AGGRESSIVE;
				GCC_WARN_UNUSED_FUNCTION = YES;
				GCC_WARN_UNUSED_VARIABLE = YES;
				IPHONEOS_DEPLOYMENT_TARGET = 10.2;
				MTL_ENABLE_DEBUG_INFO = NO;
				SDKROOT = iphoneos;
				SWIFT_OPTIMIZATION_LEVEL = "-Owholemodule";
				VALIDATE_PRODUCT = YES;
			};
			name = Release;
		};
		49F07CD81E81847300AFD134 /* Debug */ = {
			isa = XCBuildConfiguration;
			buildSettings = {
				ASSETCATALOG_COMPILER_APPICON_NAME = AppIcon;
				INFOPLIST_FILE = HappyBird/Info.plist;
				LD_RUNPATH_SEARCH_PATHS = "$(inherited) @executable_path/Frameworks";
				PRODUCT_BUNDLE_IDENTIFIER = jimch.HappyBird;
				PRODUCT_NAME = "$(TARGET_NAME)";
				SWIFT_VERSION = 3.0;
			};
			name = Debug;
		};
		49F07CD91E81847300AFD134 /* Release */ = {
			isa = XCBuildConfiguration;
			buildSettings = {
				ASSETCATALOG_COMPILER_APPICON_NAME = AppIcon;
				INFOPLIST_FILE = HappyBird/Info.plist;
				LD_RUNPATH_SEARCH_PATHS = "$(inherited) @executable_path/Frameworks";
				PRODUCT_BUNDLE_IDENTIFIER = jimch.HappyBird;
				PRODUCT_NAME = "$(TARGET_NAME)";
				SWIFT_VERSION = 3.0;
			};
			name = Release;
		};
/* End XCBuildConfiguration section */

/* Begin XCConfigurationList section */
		49F07CBA1E81847300AFD134 /* Build configuration list for PBXProject "HappyBird" */ = {
			isa = XCConfigurationList;
			buildConfigurations = (
				49F07CD51E81847300AFD134 /* Debug */,
				49F07CD61E81847300AFD134 /* Release */,
			);
			defaultConfigurationIsVisible = 0;
			defaultConfigurationName = Release;
		};
		49F07CD71E81847300AFD134 /* Build configuration list for PBXNativeTarget "HappyBird" */ = {
			isa = XCConfigurationList;
			buildConfigurations = (
				49F07CD81E81847300AFD134 /* Debug */,
				49F07CD91E81847300AFD134 /* Release */,
			);
			defaultConfigurationIsVisible = 0;
		};
/* End XCConfigurationList section */
	};
	rootObject = 49F07CB71E81847300AFD134 /* Project object */;
}
